
Microsoft Visual Studio Solution File, Format Version 12.00
# Visual Studio Version 16
VisualStudioVersion = 16.0.29728.190
MinimumVisualStudioVersion = 10.0.40219.1
Project("{FAE04EC0-301F-11D3-BF4B-00C04F79EFBC}") = "Equations", "Equations\Equations.csproj", "{73E91E75-A005-41B4-BC1E-F7F8C7B2051B}"
EndProject
Global
	GlobalSection(SolutionConfigurationPlatforms) = preSolution
		Debug|Any CPU = Debug|Any CPU
		Release|Any CPU = Release|Any CPU
	EndGlobalSection
	GlobalSection(ProjectConfigurationPlatforms) = postSolution
		{73E91E75-A005-41B4-BC1E-F7F8C7B2051B}.Debug|Any CPU.ActiveCfg = Debug|Any CPU
		{73E91E75-A005-41B4-BC1E-F7F8C7B2051B}.Debug|Any CPU.Build.0 = Debug|Any CPU
		{73E91E75-A005-41B4-BC1E-F7F8C7B2051B}.Release|Any CPU.ActiveCfg = Release|Any CPU
		{73E91E75-A005-41B4-BC1E-F7F8C7B2051B}.Release|Any CPU.Build.0 = Release|Any CPU
	EndGlobalSection
	GlobalSection(SolutionProperties) = preSolution
		HideSolutionNode = FALSE
	EndGlobalSection
	GlobalSection(ExtensibilityGlobals) = postSolution
		SolutionGuid = {19661C5D-419F-4929-AD3E-D71EA864D41F}
	EndGlobalSection
EndGlobal
